// !$*UTF8*$!
{
	archiveVersion = 1;
	classes = {
	};
	objectVersion = 56;
	objects = {

/* Begin PBXBuildFile section */
		90265DF12AFB420E009EF9C4 /* AIChatBotApp.swift in Sources */ = {isa = PBXBuildFile; fileRef = 90265DF02AFB420E009EF9C4 /* AIChatBotApp.swift */; };
		90265DF32AFB420E009EF9C4 /* ContentView.swift in Sources */ = {isa = PBXBuildFile; fileRef = 90265DF22AFB420E009EF9C4 /* ContentView.swift */; };
		90265DF52AFB4211009EF9C4 /* Assets.xcassets in Resources */ = {isa = PBXBuildFile; fileRef = 90265DF42AFB4211009EF9C4 /* Assets.xcassets */; };
		90265DF82AFB4211009EF9C4 /* Preview Assets.xcassets in Resources */ = {isa = PBXBuildFile; fileRef = 90265DF72AFB4211009EF9C4 /* Preview Assets.xcassets */; };
		90265E022AFB4211009EF9C4 /* AIChatBotTests.swift in Sources */ = {isa = PBXBuildFile; fileRef = 90265E012AFB4211009EF9C4 /* AIChatBotTests.swift */; };
		90265E0C2AFB4211009EF9C4 /* AIChatBotUITests.swift in Sources */ = {isa = PBXBuildFile; fileRef = 90265E0B2AFB4211009EF9C4 /* AIChatBotUITests.swift */; };
		90265E0E2AFB4211009EF9C4 /* AIChatBotUITestsLaunchTests.swift in Sources */ = {isa = PBXBuildFile; fileRef = 90265E0D2AFB4211009EF9C4 /* AIChatBotUITestsLaunchTests.swift */; };
		90265E1E2AFC0706009EF9C4 /* OpenAISwift in Frameworks */ = {isa = PBXBuildFile; productRef = 90265E1D2AFC0706009EF9C4 /* OpenAISwift */; };
		90265E262AFC589A009EF9C4 /* ContentViewModel.swift in Sources */ = {isa = PBXBuildFile; fileRef = 90265E252AFC589A009EF9C4 /* ContentViewModel.swift */; };
		90265E282AFC5A45009EF9C4 /* ChatView.swift in Sources */ = {isa = PBXBuildFile; fileRef = 90265E272AFC5A45009EF9C4 /* ChatView.swift */; };
		90265E2A2AFC5A5F009EF9C4 /* MessageInputView.swift in Sources */ = {isa = PBXBuildFile; fileRef = 90265E292AFC5A5F009EF9C4 /* MessageInputView.swift */; };
/* End PBXBuildFile section */

/* Begin PBXContainerItemProxy section */
		90265DFE2AFB4211009EF9C4 /* PBXContainerItemProxy */ = {
			isa = PBXContainerItemProxy;
			containerPortal = 90265DE52AFB420E009EF9C4 /* Project object */;
			proxyType = 1;
			remoteGlobalIDString = 90265DEC2AFB420E009EF9C4;
			remoteInfo = AIChatBot;
		};
		90265E082AFB4211009EF9C4 /* PBXContainerItemProxy */ = {
			isa = PBXContainerItemProxy;
			containerPortal = 90265DE52AFB420E009EF9C4 /* Project object */;
			proxyType = 1;
			remoteGlobalIDString = 90265DEC2AFB420E009EF9C4;
			remoteInfo = AIChatBot;
		};
/* End PBXContainerItemProxy section */

/* Begin PBXFileReference section */
		90265DED2AFB420E009EF9C4 /* AIChatBot.app */ = {isa = PBXFileReference; explicitFileType = wrapper.application; includeInIndex = 0; path = AIChatBot.app; sourceTree = BUILT_PRODUCTS_DIR; };
		90265DF02AFB420E009EF9C4 /* AIChatBotApp.swift */ = {isa = PBXFileReference; lastKnownFileType = sourcecode.swift; path = AIChatBotApp.swift; sourceTree = "<group>"; };
		90265DF22AFB420E009EF9C4 /* ContentView.swift */ = {isa = PBXFileReference; lastKnownFileType = sourcecode.swift; path = ContentView.swift; sourceTree = "<group>"; };
		90265DF42AFB4211009EF9C4 /* Assets.xcassets */ = {isa = PBXFileReference; lastKnownFileType = folder.assetcatalog; path = Assets.xcassets; sourceTree = "<group>"; };
		90265DF72AFB4211009EF9C4 /* Preview Assets.xcassets */ = {isa = PBXFileReference; lastKnownFileType = folder.assetcatalog; path = "Preview Assets.xcassets"; sourceTree = "<group>"; };
		90265DFD2AFB4211009EF9C4 /* AIChatBotTests.xctest */ = {isa = PBXFileReference; explicitFileType = wrapper.cfbundle; includeInIndex = 0; path = AIChatBotTests.xctest; sourceTree = BUILT_PRODUCTS_DIR; };
		90265E012AFB4211009EF9C4 /* AIChatBotTests.swift */ = {isa = PBXFileReference; lastKnownFileType = sourcecode.swift; path = AIChatBotTests.swift; sourceTree = "<group>"; };
		90265E072AFB4211009EF9C4 /* AIChatBotUITests.xctest */ = {isa = PBXFileReference; explicitFileType = wrapper.cfbundle; includeInIndex = 0; path = AIChatBotUITests.xctest; sourceTree = BUILT_PRODUCTS_DIR; };
		90265E0B2AFB4211009EF9C4 /* AIChatBotUITests.swift */ = {isa = PBXFileReference; lastKnownFileType = sourcecode.swift; path = AIChatBotUITests.swift; sourceTree = "<group>"; };
		90265E0D2AFB4211009EF9C4 /* AIChatBotUITestsLaunchTests.swift */ = {isa = PBXFileReference; lastKnownFileType = sourcecode.swift; path = AIChatBotUITestsLaunchTests.swift; sourceTree = "<group>"; };
		90265E252AFC589A009EF9C4 /* ContentViewModel.swift */ = {isa = PBXFileReference; lastKnownFileType = sourcecode.swift; name = ContentViewModel.swift; path = ../../../../Documents/ContentViewModel.swift; sourceTree = "<group>"; };
		90265E272AFC5A45009EF9C4 /* ChatView.swift */ = {isa = PBXFileReference; lastKnownFileType = sourcecode.swift; name = ChatView.swift; path = ../../../../.Trash/AIChatBot/AIChatBot/View/ChatView.swift; sourceTree = "<group>"; };
		90265E292AFC5A5F009EF9C4 /* MessageInputView.swift */ = {isa = PBXFileReference; lastKnownFileType = sourcecode.swift; path = MessageInputView.swift; sourceTree = "<group>"; };
/* End PBXFileReference section */

/* Begin PBXFrameworksBuildPhase section */
		90265DEA2AFB420E009EF9C4 /* Frameworks */ = {
			isa = PBXFrameworksBuildPhase;
			buildActionMask = 2147483647;
			files = (
				90265E1E2AFC0706009EF9C4 /* OpenAISwift in Frameworks */,
			);
			runOnlyForDeploymentPostprocessing = 0;
		};
		90265DFA2AFB4211009EF9C4 /* Frameworks */ = {
			isa = PBXFrameworksBuildPhase;
			buildActionMask = 2147483647;
			files = (
			);
			runOnlyForDeploymentPostprocessing = 0;
		};
		90265E042AFB4211009EF9C4 /* Frameworks */ = {
			isa = PBXFrameworksBuildPhase;
			buildActionMask = 2147483647;
			files = (
			);
			runOnlyForDeploymentPostprocessing = 0;
		};
/* End PBXFrameworksBuildPhase section */

/* Begin PBXGroup section */
		90265DE42AFB420E009EF9C4 = {
			isa = PBXGroup;
			children = (
				90265DEF2AFB420E009EF9C4 /* AIChatBot */,
				90265E002AFB4211009EF9C4 /* AIChatBotTests */,
				90265E0A2AFB4211009EF9C4 /* AIChatBotUITests */,
				90265DEE2AFB420E009EF9C4 /* Products */,
			);
			sourceTree = "<group>";
		};
		90265DEE2AFB420E009EF9C4 /* Products */ = {
			isa = PBXGroup;
			children = (
				90265DED2AFB420E009EF9C4 /* AIChatBot.app */,
				90265DFD2AFB4211009EF9C4 /* AIChatBotTests.xctest */,
				90265E072AFB4211009EF9C4 /* AIChatBotUITests.xctest */,
			);
			name = Products;
			sourceTree = "<group>";
		};
		90265DEF2AFB420E009EF9C4 /* AIChatBot */ = {
			isa = PBXGroup;
			children = (
				90265E242AFC587E009EF9C4 /* View */,
				90265E232AFC5874009EF9C4 /* ViewModel */,
				90265DF42AFB4211009EF9C4 /* Assets.xcassets */,
				90265DF62AFB4211009EF9C4 /* Preview Content */,
			);
			path = AIChatBot;
			sourceTree = "<group>";
		};
		90265DF62AFB4211009EF9C4 /* Preview Content */ = {
			isa = PBXGroup;
			children = (
				90265DF72AFB4211009EF9C4 /* Preview Assets.xcassets */,
			);
			path = "Preview Content";
			sourceTree = "<group>";
		};
		90265E002AFB4211009EF9C4 /* AIChatBotTests */ = {
			isa = PBXGroup;
			children = (
				90265E012AFB4211009EF9C4 /* AIChatBotTests.swift */,
			);
			path = AIChatBotTests;
			sourceTree = "<group>";
		};
		90265E0A2AFB4211009EF9C4 /* AIChatBotUITests */ = {
			isa = PBXGroup;
			children = (
				90265E0B2AFB4211009EF9C4 /* AIChatBotUITests.swift */,
				90265E0D2AFB4211009EF9C4 /* AIChatBotUITestsLaunchTests.swift */,
			);
			path = AIChatBotUITests;
			sourceTree = "<group>";
		};
		90265E232AFC5874009EF9C4 /* ViewModel */ = {
			isa = PBXGroup;
			children = (
				90265E252AFC589A009EF9C4 /* ContentViewModel.swift */,
			);
			path = ViewModel;
			sourceTree = "<group>";
		};
		90265E242AFC587E009EF9C4 /* View */ = {
			isa = PBXGroup;
			children = (
				90265DF02AFB420E009EF9C4 /* AIChatBotApp.swift */,
				90265DF22AFB420E009EF9C4 /* ContentView.swift */,
				90265E272AFC5A45009EF9C4 /* ChatView.swift */,
				90265E292AFC5A5F009EF9C4 /* MessageInputView.swift */,
			);
			path = View;
			sourceTree = "<group>";
		};
/* End PBXGroup section */

/* Begin PBXNativeTarget section */
		90265DEC2AFB420E009EF9C4 /* AIChatBot */ = {
			isa = PBXNativeTarget;
			buildConfigurationList = 90265E112AFB4211009EF9C4 /* Build configuration list for PBXNativeTarget "AIChatBot" */;
			buildPhases = (
				90265DE92AFB420E009EF9C4 /* Sources */,
				90265DEA2AFB420E009EF9C4 /* Frameworks */,
				90265DEB2AFB420E009EF9C4 /* Resources */,
			);
			buildRules = (
			);
			dependencies = (
			);
			name = AIChatBot;
			packageProductDependencies = (
				90265E1D2AFC0706009EF9C4 /* OpenAISwift */,
			);
			productName = AIChatBot;
			productReference = 90265DED2AFB420E009EF9C4 /* AIChatBot.app */;
			productType = "com.apple.product-type.application";
		};
		90265DFC2AFB4211009EF9C4 /* AIChatBotTests */ = {
			isa = PBXNativeTarget;
			buildConfigurationList = 90265E142AFB4211009EF9C4 /* Build configuration list for PBXNativeTarget "AIChatBotTests" */;
			buildPhases = (
				90265DF92AFB4211009EF9C4 /* Sources */,
				90265DFA2AFB4211009EF9C4 /* Frameworks */,
				90265DFB2AFB4211009EF9C4 /* Resources */,
			);
			buildRules = (
			);
			dependencies = (
				90265DFF2AFB4211009EF9C4 /* PBXTargetDependency */,
			);
			name = AIChatBotTests;
			productName = AIChatBotTests;
			productReference = 90265DFD2AFB4211009EF9C4 /* AIChatBotTests.xctest */;
			productType = "com.apple.product-type.bundle.unit-test";
		};
		90265E062AFB4211009EF9C4 /* AIChatBotUITests */ = {
			isa = PBXNativeTarget;
			buildConfigurationList = 90265E172AFB4211009EF9C4 /* Build configuration list for PBXNativeTarget "AIChatBotUITests" */;
			buildPhases = (
				90265E032AFB4211009EF9C4 /* Sources */,
				90265E042AFB4211009EF9C4 /* Frameworks */,
				90265E052AFB4211009EF9C4 /* Resources */,
			);
			buildRules = (
			);
			dependencies = (
				90265E092AFB4211009EF9C4 /* PBXTargetDependency */,
			);
			name = AIChatBotUITests;
			productName = AIChatBotUITests;
			productReference = 90265E072AFB4211009EF9C4 /* AIChatBotUITests.xctest */;
			productType = "com.apple.product-type.bundle.ui-testing";
		};
/* End PBXNativeTarget section */

/* Begin PBXProject section */
		90265DE52AFB420E009EF9C4 /* Project object */ = {
			isa = PBXProject;
			attributes = {
				BuildIndependentTargetsInParallel = 1;
				LastSwiftUpdateCheck = 1500;
				LastUpgradeCheck = 1500;
				TargetAttributes = {
					90265DEC2AFB420E009EF9C4 = {
						CreatedOnToolsVersion = 15.0.1;
					};
					90265DFC2AFB4211009EF9C4 = {
						CreatedOnToolsVersion = 15.0.1;
						TestTargetID = 90265DEC2AFB420E009EF9C4;
					};
					90265E062AFB4211009EF9C4 = {
						CreatedOnToolsVersion = 15.0.1;
						TestTargetID = 90265DEC2AFB420E009EF9C4;
					};
				};
			};
			buildConfigurationList = 90265DE82AFB420E009EF9C4 /* Build configuration list for PBXProject "AIChatBot" */;
			compatibilityVersion = "Xcode 14.0";
			developmentRegion = en;
			hasScannedForEncodings = 0;
			knownRegions = (
				en,
				Base,
			);
			mainGroup = 90265DE42AFB420E009EF9C4;
			packageReferences = (
				90265E1C2AFC0706009EF9C4 /* XCRemoteSwiftPackageReference "OpenAISwift" */,
			);
			productRefGroup = 90265DEE2AFB420E009EF9C4 /* Products */;
			projectDirPath = "";
			projectRoot = "";
			targets = (
				90265DEC2AFB420E009EF9C4 /* AIChatBot */,
				90265DFC2AFB4211009EF9C4 /* AIChatBotTests */,
				90265E062AFB4211009EF9C4 /* AIChatBotUITests */,
			);
		};
/* End PBXProject section */

/* Begin PBXResourcesBuildPhase section */
		90265DEB2AFB420E009EF9C4 /* Resources */ = {
			isa = PBXResourcesBuildPhase;
			buildActionMask = 2147483647;
			files = (
				90265DF82AFB4211009EF9C4 /* Preview Assets.xcassets in Resources */,
				90265DF52AFB4211009EF9C4 /* Assets.xcassets in Resources */,
			);
			runOnlyForDeploymentPostprocessing = 0;
		};
		90265DFB2AFB4211009EF9C4 /* Resources */ = {
			isa = PBXResourcesBuildPhase;
			buildActionMask = 2147483647;
			files = (
			);
			runOnlyForDeploymentPostprocessing = 0;
		};
		90265E052AFB4211009EF9C4 /* Resources */ = {
			isa = PBXResourcesBuildPhase;
			buildActionMask = 2147483647;
			files = (
			);
			runOnlyForDeploymentPostprocessing = 0;
		};
/* End PBXResourcesBuildPhase section */

/* Begin PBXSourcesBuildPhase section */
		90265DE92AFB420E009EF9C4 /* Sources */ = {
			isa = PBXSourcesBuildPhase;
			buildActionMask = 2147483647;
			files = (
				90265E282AFC5A45009EF9C4 /* ChatView.swift in Sources */,
				90265E2A2AFC5A5F009EF9C4 /* MessageInputView.swift in Sources */,
				90265DF32AFB420E009EF9C4 /* ContentView.swift in Sources */,
				90265DF12AFB420E009EF9C4 /* AIChatBotApp.swift in Sources */,
				90265E262AFC589A009EF9C4 /* ContentViewModel.swift in Sources */,
			);
			runOnlyForDeploymentPostprocessing = 0;
		};
		90265DF92AFB4211009EF9C4 /* Sources */ = {
			isa = PBXSourcesBuildPhase;
			buildActionMask = 2147483647;
			files = (
				90265E022AFB4211009EF9C4 /* AIChatBotTests.swift in Sources */,
			);
			runOnlyForDeploymentPostprocessing = 0;
		};
		90265E032AFB4211009EF9C4 /* Sources */ = {
			isa = PBXSourcesBuildPhase;
			buildActionMask = 2147483647;
			files = (
				90265E0E2AFB4211009EF9C4 /* AIChatBotUITestsLaunchTests.swift in Sources */,
				90265E0C2AFB4211009EF9C4 /* AIChatBotUITests.swift in Sources */,
			);
			runOnlyForDeploymentPostprocessing = 0;
		};
/* End PBXSourcesBuildPhase section */

/* Begin PBXTargetDependency section */
		90265DFF2AFB4211009EF9C4 /* PBXTargetDependency */ = {
			isa = PBXTargetDependency;
			target = 90265DEC2AFB420E009EF9C4 /* AIChatBot */;
			targetProxy = 90265DFE2AFB4211009EF9C4 /* PBXContainerItemProxy */;
		};
		90265E092AFB4211009EF9C4 /* PBXTargetDependency */ = {
			isa = PBXTargetDependency;
			target = 90265DEC2AFB420E009EF9C4 /* AIChatBot */;
			targetProxy = 90265E082AFB4211009EF9C4 /* PBXContainerItemProxy */;
		};
/* End PBXTargetDependency section */

/* Begin XCBuildConfiguration section */
		90265E0F2AFB4211009EF9C4 /* Debug */ = {
			isa = XCBuildConfiguration;
			buildSettings = {
				ALWAYS_SEARCH_USER_PATHS = NO;
				ASSETCATALOG_COMPILER_GENERATE_SWIFT_ASSET_SYMBOL_EXTENSIONS = YES;
				CLANG_ANALYZER_NONNULL = YES;
				CLANG_ANALYZER_NUMBER_OBJECT_CONVERSION = YES_AGGRESSIVE;
				CLANG_CXX_LANGUAGE_STANDARD = "gnu++20";
				CLANG_ENABLE_MODULES = YES;
				CLANG_ENABLE_OBJC_ARC = YES;
				CLANG_ENABLE_OBJC_WEAK = YES;
				CLANG_WARN_BLOCK_CAPTURE_AUTORELEASING = YES;
				CLANG_WARN_BOOL_CONVERSION = YES;
				CLANG_WARN_COMMA = YES;
				CLANG_WARN_CONSTANT_CONVERSION = YES;
				CLANG_WARN_DEPRECATED_OBJC_IMPLEMENTATIONS = YES;
				CLANG_WARN_DIRECT_OBJC_ISA_USAGE = YES_ERROR;
				CLANG_WARN_DOCUMENTATION_COMMENTS = YES;
				CLANG_WARN_EMPTY_BODY = YES;
				CLANG_WARN_ENUM_CONVERSION = YES;
				CLANG_WARN_INFINITE_RECURSION = YES;
				CLANG_WARN_INT_CONVERSION = YES;
				CLANG_WARN_NON_LITERAL_NULL_CONVERSION = YES;
				CLANG_WARN_OBJC_IMPLICIT_RETAIN_SELF = YES;
				CLANG_WARN_OBJC_LITERAL_CONVERSION = YES;
				CLANG_WARN_OBJC_ROOT_CLASS = YES_ERROR;
				CLANG_WARN_QUOTED_INCLUDE_IN_FRAMEWORK_HEADER = YES;
				CLANG_WARN_RANGE_LOOP_ANALYSIS = YES;
				CLANG_WARN_STRICT_PROTOTYPES = YES;
				CLANG_WARN_SUSPICIOUS_MOVE = YES;
				CLANG_WARN_UNGUARDED_AVAILABILITY = YES_AGGRESSIVE;
				CLANG_WARN_UNREACHABLE_CODE = YES;
				CLANG_WARN__DUPLICATE_METHOD_MATCH = YES;
				COPY_PHASE_STRIP = NO;
				DEBUG_INFORMATION_FORMAT = dwarf;
				ENABLE_STRICT_OBJC_MSGSEND = YES;
				ENABLE_TESTABILITY = YES;
				ENABLE_USER_SCRIPT_SANDBOXING = YES;
				GCC_C_LANGUAGE_STANDARD = gnu17;
				GCC_DYNAMIC_NO_PIC = NO;
				GCC_NO_COMMON_BLOCKS = YES;
				GCC_OPTIMIZATION_LEVEL = 0;
				GCC_PREPROCESSOR_DEFINITIONS = (
					"DEBUG=1",
					"$(inherited)",
				);
				GCC_WARN_64_TO_32_BIT_CONVERSION = YES;
				GCC_WARN_ABOUT_RETURN_TYPE = YES_ERROR;
				GCC_WARN_UNDECLARED_SELECTOR = YES;
				GCC_WARN_UNINITIALIZED_AUTOS = YES_AGGRESSIVE;
				GCC_WARN_UNUSED_FUNCTION = YES;
				GCC_WARN_UNUSED_VARIABLE = YES;
				IPHONEOS_DEPLOYMENT_TARGET = 17.0;
				LOCALIZATION_PREFERS_STRING_CATALOGS = YES;
				MTL_ENABLE_DEBUG_INFO = INCLUDE_SOURCE;
				MTL_FAST_MATH = YES;
				ONLY_ACTIVE_ARCH = YES;
				SDKROOT = iphoneos;
				SWIFT_ACTIVE_COMPILATION_CONDITIONS = "DEBUG $(inherited)";
				SWIFT_OPTIMIZATION_LEVEL = "-Onone";
			};
			name = Debug;
		};
		90265E102AFB4211009EF9C4 /* Release */ = {
			isa = XCBuildConfiguration;
			buildSettings = {
				ALWAYS_SEARCH_USER_PATHS = NO;
				ASSETCATALOG_COMPILER_GENERATE_SWIFT_ASSET_SYMBOL_EXTENSIONS = YES;
				CLANG_ANALYZER_NONNULL = YES;
				CLANG_ANALYZER_NUMBER_OBJECT_CONVERSION = YES_AGGRESSIVE;
				CLANG_CXX_LANGUAGE_STANDARD = "gnu++20";
				CLANG_ENABLE_MODULES = YES;
				CLANG_ENABLE_OBJC_ARC = YES;
				CLANG_ENABLE_OBJC_WEAK = YES;
				CLANG_WARN_BLOCK_CAPTURE_AUTORELEASING = YES;
				CLANG_WARN_BOOL_CONVERSION = YES;
				CLANG_WARN_COMMA = YES;
				CLANG_WARN_CONSTANT_CONVERSION = YES;
				CLANG_WARN_DEPRECATED_OBJC_IMPLEMENTATIONS = YES;
				CLANG_WARN_DIRECT_OBJC_ISA_USAGE = YES_ERROR;
				CLANG_WARN_DOCUMENTATION_COMMENTS = YES;
				CLANG_WARN_EMPTY_BODY = YES;
				CLANG_WARN_ENUM_CONVERSION = YES;
				CLANG_WARN_INFINITE_RECURSION = YES;
				CLANG_WARN_INT_CONVERSION = YES;
				CLANG_WARN_NON_LITERAL_NULL_CONVERSION = YES;
				CLANG_WARN_OBJC_IMPLICIT_RETAIN_SELF = YES;
				CLANG_WARN_OBJC_LITERAL_CONVERSION = YES;
				CLANG_WARN_OBJC_ROOT_CLASS = YES_ERROR;
				CLANG_WARN_QUOTED_INCLUDE_IN_FRAMEWORK_HEADER = YES;
				CLANG_WARN_RANGE_LOOP_ANALYSIS = YES;
				CLANG_WARN_STRICT_PROTOTYPES = YES;
				CLANG_WARN_SUSPICIOUS_MOVE = YES;
				CLANG_WARN_UNGUARDED_AVAILABILITY = YES_AGGRESSIVE;
				CLANG_WARN_UNREACHABLE_CODE = YES;
				CLANG_WARN__DUPLICATE_METHOD_MATCH = YES;
				COPY_PHASE_STRIP = NO;
				DEBUG_INFORMATION_FORMAT = "dwarf-with-dsym";
				ENABLE_NS_ASSERTIONS = NO;
				ENABLE_STRICT_OBJC_MSGSEND = YES;
				ENABLE_USER_SCRIPT_SANDBOXING = YES;
				GCC_C_LANGUAGE_STANDARD = gnu17;
				GCC_NO_COMMON_BLOCKS = YES;
				GCC_WARN_64_TO_32_BIT_CONVERSION = YES;
				GCC_WARN_ABOUT_RETURN_TYPE = YES_ERROR;
				GCC_WARN_UNDECLARED_SELECTOR = YES;
				GCC_WARN_UNINITIALIZED_AUTOS = YES_AGGRESSIVE;
				GCC_WARN_UNUSED_FUNCTION = YES;
				GCC_WARN_UNUSED_VARIABLE = YES;
				IPHONEOS_DEPLOYMENT_TARGET = 17.0;
				LOCALIZATION_PREFERS_STRING_CATALOGS = YES;
				MTL_ENABLE_DEBUG_INFO = NO;
				MTL_FAST_MATH = YES;
				SDKROOT = iphoneos;
				SWIFT_COMPILATION_MODE = wholemodule;
				VALIDATE_PRODUCT = YES;
			};
			name = Release;
		};
		90265E122AFB4211009EF9C4 /* Debug */ = {
			isa = XCBuildConfiguration;
			buildSettings = {
				ASSETCATALOG_COMPILER_APPICON_NAME = AppIcon;
				ASSETCATALOG_COMPILER_GLOBAL_ACCENT_COLOR_NAME = AccentColor;
				CODE_SIGN_STYLE = Automatic;
				CURRENT_PROJECT_VERSION = 1;
				DEVELOPMENT_ASSET_PATHS = "\"AIChatBot/Preview Content\"";
				DEVELOPMENT_TEAM = 8PD7G8XX5Y;
				ENABLE_PREVIEWS = YES;
				GENERATE_INFOPLIST_FILE = YES;
				INFOPLIST_KEY_UIApplicationSceneManifest_Generation = YES;
				INFOPLIST_KEY_UIApplicationSupportsIndirectInputEvents = YES;
				INFOPLIST_KEY_UILaunchScreen_Generation = YES;
				INFOPLIST_KEY_UISupportedInterfaceOrientations_iPad = "UIInterfaceOrientationPortrait UIInterfaceOrientationPortraitUpsideDown UIInterfaceOrientationLandscapeLeft UIInterfaceOrientationLandscapeRight";
				INFOPLIST_KEY_UISupportedInterfaceOrientations_iPhone = "UIInterfaceOrientationPortrait UIInterfaceOrientationLandscapeLeft UIInterfaceOrientationLandscapeRight";
				LD_RUNPATH_SEARCH_PATHS = (
					"$(inherited)",
					"@executable_path/Frameworks",
				);
				MARKETING_VERSION = 1.0;
				PRODUCT_BUNDLE_IDENTIFIER = com.ashish.AIChatBot;
				PRODUCT_NAME = "$(TARGET_NAME)";
				SWIFT_EMIT_LOC_STRINGS = YES;
				SWIFT_VERSION = 5.0;
				TARGETED_DEVICE_FAMILY = "1,2";
			};
			name = Debug;
		};
		90265E132AFB4211009EF9C4 /* Release */ = {
			isa = XCBuildConfiguration;
			buildSettings = {
				ASSETCATALOG_COMPILER_APPICON_NAME = AppIcon;
				ASSETCATALOG_COMPILER_GLOBAL_ACCENT_COLOR_NAME = AccentColor;
				CODE_SIGN_STYLE = Automatic;
				CURRENT_PROJECT_VERSION = 1;
				DEVELOPMENT_ASSET_PATHS = "\"AIChatBot/Preview Content\"";
				DEVELOPMENT_TEAM = 8PD7G8XX5Y;
				ENABLE_PREVIEWS = YES;
				GENERATE_INFOPLIST_FILE = YES;
				INFOPLIST_KEY_UIApplicationSceneManifest_Generation = YES;
				INFOPLIST_KEY_UIApplicationSupportsIndirectInputEvents = YES;
				INFOPLIST_KEY_UILaunchScreen_Generation = YES;
				INFOPLIST_KEY_UISupportedInterfaceOrientations_iPad = "UIInterfaceOrientationPortrait UIInterfaceOrientationPortraitUpsideDown UIInterfaceOrientationLandscapeLeft UIInterfaceOrientationLandscapeRight";
				INFOPLIST_KEY_UISupportedInterfaceOrientations_iPhone = "UIInterfaceOrientationPortrait UIInterfaceOrientationLandscapeLeft UIInterfaceOrientationLandscapeRight";
				LD_RUNPATH_SEARCH_PATHS = (
					"$(inherited)",
					"@executable_path/Frameworks",
				);
				MARKETING_VERSION = 1.0;
				PRODUCT_BUNDLE_IDENTIFIER = com.ashish.AIChatBot;
				PRODUCT_NAME = "$(TARGET_NAME)";
				SWIFT_EMIT_LOC_STRINGS = YES;
				SWIFT_VERSION = 5.0;
				TARGETED_DEVICE_FAMILY = "1,2";
			};
			name = Release;
		};
		90265E152AFB4211009EF9C4 /* Debug */ = {
			isa = XCBuildConfiguration;
			buildSettings = {
				ALWAYS_EMBED_SWIFT_STANDARD_LIBRARIES = YES;
				BUNDLE_LOADER = "$(TEST_HOST)";
				CODE_SIGN_STYLE = Automatic;
				CURRENT_PROJECT_VERSION = 1;
				DEVELOPMENT_TEAM = 8PD7G8XX5Y;
				GENERATE_INFOPLIST_FILE = YES;
				IPHONEOS_DEPLOYMENT_TARGET = 17.0;
				MARKETING_VERSION = 1.0;
				PRODUCT_BUNDLE_IDENTIFIER = com.ashish.AIChatBotTests;
				PRODUCT_NAME = "$(TARGET_NAME)";
				SWIFT_EMIT_LOC_STRINGS = NO;
				SWIFT_VERSION = 5.0;
				TARGETED_DEVICE_FAMILY = "1,2";
				TEST_HOST = "$(BUILT_PRODUCTS_DIR)/AIChatBot.app/$(BUNDLE_EXECUTABLE_FOLDER_PATH)/AIChatBot";
			};
			name = Debug;
		};
		90265E162AFB4211009EF9C4 /* Release */ = {
			isa = XCBuildConfiguration;
			buildSettings = {
				ALWAYS_EMBED_SWIFT_STANDARD_LIBRARIES = YES;
				BUNDLE_LOADER = "$(TEST_HOST)";
				CODE_SIGN_STYLE = Automatic;
				CURRENT_PROJECT_VERSION = 1;
				DEVELOPMENT_TEAM = 8PD7G8XX5Y;
				GENERATE_INFOPLIST_FILE = YES;
				IPHONEOS_DEPLOYMENT_TARGET = 17.0;
				MARKETING_VERSION = 1.0;
				PRODUCT_BUNDLE_IDENTIFIER = com.ashish.AIChatBotTests;
				PRODUCT_NAME = "$(TARGET_NAME)";
				SWIFT_EMIT_LOC_STRINGS = NO;
				SWIFT_VERSION = 5.0;
				TARGETED_DEVICE_FAMILY = "1,2";
				TEST_HOST = "$(BUILT_PRODUCTS_DIR)/AIChatBot.app/$(BUNDLE_EXECUTABLE_FOLDER_PATH)/AIChatBot";
			};
			name = Release;
		};
		90265E182AFB4211009EF9C4 /* Debug */ = {
			isa = XCBuildConfiguration;
			buildSettings = {
				ALWAYS_EMBED_SWIFT_STANDARD_LIBRARIES = YES;
				CODE_SIGN_STYLE = Automatic;
				CURRENT_PROJECT_VERSION = 1;
				DEVELOPMENT_TEAM = 8PD7G8XX5Y;
				GENERATE_INFOPLIST_FILE = YES;
				MARKETING_VERSION = 1.0;
				PRODUCT_BUNDLE_IDENTIFIER = com.ashish.AIChatBotUITests;
				PRODUCT_NAME = "$(TARGET_NAME)";
				SWIFT_EMIT_LOC_STRINGS = NO;
				SWIFT_VERSION = 5.0;
				TARGETED_DEVICE_FAMILY = "1,2";
				TEST_TARGET_NAME = AIChatBot;
			};
			name = Debug;
		};
		90265E192AFB4211009EF9C4 /* Release */ = {
			isa = XCBuildConfiguration;
			buildSettings = {
				ALWAYS_EMBED_SWIFT_STANDARD_LIBRARIES = YES;
				CODE_SIGN_STYLE = Automatic;
				CURRENT_PROJECT_VERSION = 1;
				DEVELOPMENT_TEAM = 8PD7G8XX5Y;
				GENERATE_INFOPLIST_FILE = YES;
				MARKETING_VERSION = 1.0;
				PRODUCT_BUNDLE_IDENTIFIER = com.ashish.AIChatBotUITests;
				PRODUCT_NAME = "$(TARGET_NAME)";
				SWIFT_EMIT_LOC_STRINGS = NO;
				SWIFT_VERSION = 5.0;
				TARGETED_DEVICE_FAMILY = "1,2";
				TEST_TARGET_NAME = AIChatBot;
			};
			name = Release;
		};
/* End XCBuildConfiguration section */

/* Begin XCConfigurationList section */
		90265DE82AFB420E009EF9C4 /* Build configuration list for PBXProject "AIChatBot" */ = {
			isa = XCConfigurationList;
			buildConfigurations = (
				90265E0F2AFB4211009EF9C4 /* Debug */,
				90265E102AFB4211009EF9C4 /* Release */,
			);
			defaultConfigurationIsVisible = 0;
			defaultConfigurationName = Release;
		};
		90265E112AFB4211009EF9C4 /* Build configuration list for PBXNativeTarget "AIChatBot" */ = {
			isa = XCConfigurationList;
			buildConfigurations = (
				90265E122AFB4211009EF9C4 /* Debug */,
				90265E132AFB4211009EF9C4 /* Release */,
			);
			defaultConfigurationIsVisible = 0;
			defaultConfigurationName = Release;
		};
		90265E142AFB4211009EF9C4 /* Build configuration list for PBXNativeTarget "AIChatBotTests" */ = {
			isa = XCConfigurationList;
			buildConfigurations = (
				90265E152AFB4211009EF9C4 /* Debug */,
				90265E162AFB4211009EF9C4 /* Release */,
			);
			defaultConfigurationIsVisible = 0;
			defaultConfigurationName = Release;
		};
		90265E172AFB4211009EF9C4 /* Build configuration list for PBXNativeTarget "AIChatBotUITests" */ = {
			isa = XCConfigurationList;
			buildConfigurations = (
				90265E182AFB4211009EF9C4 /* Debug */,
				90265E192AFB4211009EF9C4 /* Release */,
			);
			defaultConfigurationIsVisible = 0;
			defaultConfigurationName = Release;
		};
/* End XCConfigurationList section */

/* Begin XCRemoteSwiftPackageReference section */
		90265E1C2AFC0706009EF9C4 /* XCRemoteSwiftPackageReference "OpenAISwift" */ = {
			isa = XCRemoteSwiftPackageReference;
			repositoryURL = "https://github.com/adamrushy/OpenAISwift";
			requirement = {
				kind = upToNextMajorVersion;
				minimumVersion = 1.4.1;
			};
		};
/* End XCRemoteSwiftPackageReference section */

/* Begin XCSwiftPackageProductDependency section */
		90265E1D2AFC0706009EF9C4 /* OpenAISwift */ = {
			isa = XCSwiftPackageProductDependency;
			package = 90265E1C2AFC0706009EF9C4 /* XCRemoteSwiftPackageReference "OpenAISwift" */;
			productName = OpenAISwift;
		};
/* End XCSwiftPackageProductDependency section */
	};
	rootObject = 90265DE52AFB420E009EF9C4 /* Project object */;
}
